{
  "name": "school-zero2hero",
  "lockfileVersion": 2,
  "requires": true,
  "packages": {
    "": {
      "dependencies": {
        "json-cyclic": "^1.0.2"
      }
    },
    "node_modules/json-cyclic": {
      "version": "1.0.2",
      "resolved": "https://registry.npmjs.org/json-cyclic/-/json-cyclic-1.0.2.tgz",
      "integrity": "sha512-K0Y9wQnrc13Ef+P8KY8SjFyVAz941CTrTVmu3oyQPExhaFFYXXLXnEuRi1tqYOS1B8WtFIxIwA7nHRJ64Uvf5Q=="
    }
  },
  "dependencies": {
    "json-cyclic": {
      "version": "1.0.2",
      "resolved": "https://registry.npmjs.org/json-cyclic/-/json-cyclic-1.0.2.tgz",
      "integrity": "sha512-K0Y9wQnrc13Ef+P8KY8SjFyVAz941CTrTVmu3oyQPExhaFFYXXLXnEuRi1tqYOS1B8WtFIxIwA7nHRJ64Uvf5Q=="
    }
  }
}
